
Microsoft Visual Studio Solution File, Format Version 12.00
# Visual Studio 14
VisualStudioVersion = 14.0.24720.0
MinimumVisualStudioVersion = 10.0.40219.1
Project("{FAE04EC0-301F-11D3-BF4B-00C04F79EFBC}") = "01_DistanceBetweenVertices", "01_DistanceBetweenVertices\01_DistanceBetweenVertices.csproj", "{63F1B6DB-9F80-41C4-8DD8-572A64108842}"
EndProject
Project("{FAE04EC0-301F-11D3-BF4B-00C04F79EFBC}") = "02_AreasInMatrix", "02_AreasInMatrix\02_AreasInMatrix.csproj", "{A5FDADC4-4603-4166-8788-497ACB5B55FE}"
EndProject
Project("{FAE04EC0-301F-11D3-BF4B-00C04F79EFBC}") = "03_CyclesInGraph", "03_CyclesInGraph\03_CyclesInGraph.csproj", "{C1331C0D-FAE2-4F75-8532-28A09E7C05EC}"
EndProject
Global
	GlobalSection(SolutionConfigurationPlatforms) = preSolution
		Debug|Any CPU = Debug|Any CPU
		Release|Any CPU = Release|Any CPU
	EndGlobalSection
	GlobalSection(ProjectConfigurationPlatforms) = postSolution
		{63F1B6DB-9F80-41C4-8DD8-572A64108842}.Debug|Any CPU.ActiveCfg = Debug|Any CPU
		{63F1B6DB-9F80-41C4-8DD8-572A64108842}.Debug|Any CPU.Build.0 = Debug|Any CPU
		{63F1B6DB-9F80-41C4-8DD8-572A64108842}.Release|Any CPU.ActiveCfg = Release|Any CPU
		{63F1B6DB-9F80-41C4-8DD8-572A64108842}.Release|Any CPU.Build.0 = Release|Any CPU
		{A5FDADC4-4603-4166-8788-497ACB5B55FE}.Debug|Any CPU.ActiveCfg = Debug|Any CPU
		{A5FDADC4-4603-4166-8788-497ACB5B55FE}.Debug|Any CPU.Build.0 = Debug|Any CPU
		{A5FDADC4-4603-4166-8788-497ACB5B55FE}.Release|Any CPU.ActiveCfg = Release|Any CPU
		{A5FDADC4-4603-4166-8788-497ACB5B55FE}.Release|Any CPU.Build.0 = Release|Any CPU
		{C1331C0D-FAE2-4F75-8532-28A09E7C05EC}.Debug|Any CPU.ActiveCfg = Debug|Any CPU
		{C1331C0D-FAE2-4F75-8532-28A09E7C05EC}.Debug|Any CPU.Build.0 = Debug|Any CPU
		{C1331C0D-FAE2-4F75-8532-28A09E7C05EC}.Release|Any CPU.ActiveCfg = Release|Any CPU
		{C1331C0D-FAE2-4F75-8532-28A09E7C05EC}.Release|Any CPU.Build.0 = Release|Any CPU
	EndGlobalSection
	GlobalSection(SolutionProperties) = preSolution
		HideSolutionNode = FALSE
	EndGlobalSection
EndGlobal
