
Microsoft Visual Studio Solution File, Format Version 12.00
# Visual Studio 14
VisualStudioVersion = 14.0.24720.0
MinimumVisualStudioVersion = 10.0.40219.1
Project("{FAE04EC0-301F-11D3-BF4B-00C04F79EFBC}") = "FootballBet.Models", "FootballBet.Models\FootballBet.Models.csproj", "{21EC43EC-1C0D-492C-AC4B-F9769C705A40}"
EndProject
Project("{FAE04EC0-301F-11D3-BF4B-00C04F79EFBC}") = "FootballBet.Data", "FootballBet.Data\FootballBet.Data.csproj", "{B6403FE8-9E88-457F-928C-9A030148BF72}"
EndProject
Project("{FAE04EC0-301F-11D3-BF4B-00C04F79EFBC}") = "FootballBet.ConsoleClient", "FootballBet.ConsoleClient\FootballBet.ConsoleClient.csproj", "{A6B55908-92E8-4BCA-90D7-71545DF66ADC}"
EndProject
Global
	GlobalSection(SolutionConfigurationPlatforms) = preSolution
		Debug|Any CPU = Debug|Any CPU
		Release|Any CPU = Release|Any CPU
	EndGlobalSection
	GlobalSection(ProjectConfigurationPlatforms) = postSolution
		{21EC43EC-1C0D-492C-AC4B-F9769C705A40}.Debug|Any CPU.ActiveCfg = Debug|Any CPU
		{21EC43EC-1C0D-492C-AC4B-F9769C705A40}.Debug|Any CPU.Build.0 = Debug|Any CPU
		{21EC43EC-1C0D-492C-AC4B-F9769C705A40}.Release|Any CPU.ActiveCfg = Release|Any CPU
		{21EC43EC-1C0D-492C-AC4B-F9769C705A40}.Release|Any CPU.Build.0 = Release|Any CPU
		{B6403FE8-9E88-457F-928C-9A030148BF72}.Debug|Any CPU.ActiveCfg = Debug|Any CPU
		{B6403FE8-9E88-457F-928C-9A030148BF72}.Debug|Any CPU.Build.0 = Debug|Any CPU
		{B6403FE8-9E88-457F-928C-9A030148BF72}.Release|Any CPU.ActiveCfg = Release|Any CPU
		{B6403FE8-9E88-457F-928C-9A030148BF72}.Release|Any CPU.Build.0 = Release|Any CPU
		{A6B55908-92E8-4BCA-90D7-71545DF66ADC}.Debug|Any CPU.ActiveCfg = Debug|Any CPU
		{A6B55908-92E8-4BCA-90D7-71545DF66ADC}.Debug|Any CPU.Build.0 = Debug|Any CPU
		{A6B55908-92E8-4BCA-90D7-71545DF66ADC}.Release|Any CPU.ActiveCfg = Release|Any CPU
		{A6B55908-92E8-4BCA-90D7-71545DF66ADC}.Release|Any CPU.Build.0 = Release|Any CPU
	EndGlobalSection
	GlobalSection(SolutionProperties) = preSolution
		HideSolutionNode = FALSE
	EndGlobalSection
EndGlobal
