
Microsoft Visual Studio Solution File, Format Version 12.00
# Visual Studio 2013
VisualStudioVersion = 12.0.31101.0
MinimumVisualStudioVersion = 10.0.40219.1
Project("{FAE04EC0-301F-11D3-BF4B-00C04F79EFBC}") = "fillTheMa3x", "fillTheMa3x\fillTheMa3x.csproj", "{005C2F8D-7E97-4571-9EA7-5BA08749B067}"
EndProject
Project("{FAE04EC0-301F-11D3-BF4B-00C04F79EFBC}") = "squareSum", "squareSum\squareSum.csproj", "{67D79E29-606B-4240-B594-F03F25E06665}"
EndProject
Project("{FAE04EC0-301F-11D3-BF4B-00C04F79EFBC}") = "shuffleTheMa3x", "shuffleTheMa3x\shuffleTheMa3x.csproj", "{04F8EF3A-B5BE-4F7B-9527-7CDF436AB283}"
EndProject
Project("{FAE04EC0-301F-11D3-BF4B-00C04F79EFBC}") = "sequenceOfStrings", "sequenceOfStrings\sequenceOfStrings.csproj", "{3A2A8158-2B4F-41E2-A818-4E387A5AE71C}"
EndProject
Project("{FAE04EC0-301F-11D3-BF4B-00C04F79EFBC}") = "junk", "junk\junk.csproj", "{2ECABE7D-C276-4A40-B405-9B45DC0A3C1C}"
EndProject
Project("{FAE04EC0-301F-11D3-BF4B-00C04F79EFBC}") = "collectTheCoins", "collectTheCoins\collectTheCoins.csproj", "{5BE13E4C-F491-4011-A6E7-E2EB4DB12946}"
EndProject
Project("{FAE04EC0-301F-11D3-BF4B-00C04F79EFBC}") = "countSymbols", "countSymbols\countSymbols.csproj", "{C25B0283-E5A8-4DD6-96B5-F77431CE34D5}"
EndProject
Project("{FAE04EC0-301F-11D3-BF4B-00C04F79EFBC}") = "phonebookR", "phonebookR\phonebookR.csproj", "{DBE836CF-42F8-4466-85F3-F17D858BD263}"
EndProject
Project("{FAE04EC0-301F-11D3-BF4B-00C04F79EFBC}") = "nightLife", "nightLife\nightLife.csproj", "{1CFE81D5-2592-43AB-B8E7-B21F68232788}"
EndProject
Project("{FAE04EC0-301F-11D3-BF4B-00C04F79EFBC}") = "terrositsWin", "terrositsWin\terrositsWin.csproj", "{DF3A2A9B-3A3D-46A1-BDBB-689C9CDEB4D0}"
EndProject
Project("{FAE04EC0-301F-11D3-BF4B-00C04F79EFBC}") = "plusRemove", "plusRemove\plusRemove.csproj", "{B45B9CC0-7AA8-42DC-A9CA-312DB6DACE20}"
EndProject
Project("{FAE04EC0-301F-11D3-BF4B-00C04F79EFBC}") = "stringMa3xRotation", "stringMa3xRotation\stringMa3xRotation.csproj", "{8D0BC33F-C424-44AE-8850-E8CF1CB159C0}"
EndProject
Global
	GlobalSection(SolutionConfigurationPlatforms) = preSolution
		Debug|Any CPU = Debug|Any CPU
		Release|Any CPU = Release|Any CPU
	EndGlobalSection
	GlobalSection(ProjectConfigurationPlatforms) = postSolution
		{005C2F8D-7E97-4571-9EA7-5BA08749B067}.Debug|Any CPU.ActiveCfg = Debug|Any CPU
		{005C2F8D-7E97-4571-9EA7-5BA08749B067}.Debug|Any CPU.Build.0 = Debug|Any CPU
		{005C2F8D-7E97-4571-9EA7-5BA08749B067}.Release|Any CPU.ActiveCfg = Release|Any CPU
		{005C2F8D-7E97-4571-9EA7-5BA08749B067}.Release|Any CPU.Build.0 = Release|Any CPU
		{67D79E29-606B-4240-B594-F03F25E06665}.Debug|Any CPU.ActiveCfg = Debug|Any CPU
		{67D79E29-606B-4240-B594-F03F25E06665}.Debug|Any CPU.Build.0 = Debug|Any CPU
		{67D79E29-606B-4240-B594-F03F25E06665}.Release|Any CPU.ActiveCfg = Release|Any CPU
		{67D79E29-606B-4240-B594-F03F25E06665}.Release|Any CPU.Build.0 = Release|Any CPU
		{04F8EF3A-B5BE-4F7B-9527-7CDF436AB283}.Debug|Any CPU.ActiveCfg = Debug|Any CPU
		{04F8EF3A-B5BE-4F7B-9527-7CDF436AB283}.Debug|Any CPU.Build.0 = Debug|Any CPU
		{04F8EF3A-B5BE-4F7B-9527-7CDF436AB283}.Release|Any CPU.ActiveCfg = Release|Any CPU
		{04F8EF3A-B5BE-4F7B-9527-7CDF436AB283}.Release|Any CPU.Build.0 = Release|Any CPU
		{3A2A8158-2B4F-41E2-A818-4E387A5AE71C}.Debug|Any CPU.ActiveCfg = Debug|Any CPU
		{3A2A8158-2B4F-41E2-A818-4E387A5AE71C}.Debug|Any CPU.Build.0 = Debug|Any CPU
		{3A2A8158-2B4F-41E2-A818-4E387A5AE71C}.Release|Any CPU.ActiveCfg = Release|Any CPU
		{3A2A8158-2B4F-41E2-A818-4E387A5AE71C}.Release|Any CPU.Build.0 = Release|Any CPU
		{2ECABE7D-C276-4A40-B405-9B45DC0A3C1C}.Debug|Any CPU.ActiveCfg = Debug|Any CPU
		{2ECABE7D-C276-4A40-B405-9B45DC0A3C1C}.Debug|Any CPU.Build.0 = Debug|Any CPU
		{2ECABE7D-C276-4A40-B405-9B45DC0A3C1C}.Release|Any CPU.ActiveCfg = Release|Any CPU
		{2ECABE7D-C276-4A40-B405-9B45DC0A3C1C}.Release|Any CPU.Build.0 = Release|Any CPU
		{5BE13E4C-F491-4011-A6E7-E2EB4DB12946}.Debug|Any CPU.ActiveCfg = Debug|Any CPU
		{5BE13E4C-F491-4011-A6E7-E2EB4DB12946}.Debug|Any CPU.Build.0 = Debug|Any CPU
		{5BE13E4C-F491-4011-A6E7-E2EB4DB12946}.Release|Any CPU.ActiveCfg = Release|Any CPU
		{5BE13E4C-F491-4011-A6E7-E2EB4DB12946}.Release|Any CPU.Build.0 = Release|Any CPU
		{C25B0283-E5A8-4DD6-96B5-F77431CE34D5}.Debug|Any CPU.ActiveCfg = Debug|Any CPU
		{C25B0283-E5A8-4DD6-96B5-F77431CE34D5}.Debug|Any CPU.Build.0 = Debug|Any CPU
		{C25B0283-E5A8-4DD6-96B5-F77431CE34D5}.Release|Any CPU.ActiveCfg = Release|Any CPU
		{C25B0283-E5A8-4DD6-96B5-F77431CE34D5}.Release|Any CPU.Build.0 = Release|Any CPU
		{DBE836CF-42F8-4466-85F3-F17D858BD263}.Debug|Any CPU.ActiveCfg = Debug|Any CPU
		{DBE836CF-42F8-4466-85F3-F17D858BD263}.Debug|Any CPU.Build.0 = Debug|Any CPU
		{DBE836CF-42F8-4466-85F3-F17D858BD263}.Release|Any CPU.ActiveCfg = Release|Any CPU
		{DBE836CF-42F8-4466-85F3-F17D858BD263}.Release|Any CPU.Build.0 = Release|Any CPU
		{1CFE81D5-2592-43AB-B8E7-B21F68232788}.Debug|Any CPU.ActiveCfg = Debug|Any CPU
		{1CFE81D5-2592-43AB-B8E7-B21F68232788}.Debug|Any CPU.Build.0 = Debug|Any CPU
		{1CFE81D5-2592-43AB-B8E7-B21F68232788}.Release|Any CPU.ActiveCfg = Release|Any CPU
		{1CFE81D5-2592-43AB-B8E7-B21F68232788}.Release|Any CPU.Build.0 = Release|Any CPU
		{DF3A2A9B-3A3D-46A1-BDBB-689C9CDEB4D0}.Debug|Any CPU.ActiveCfg = Debug|Any CPU
		{DF3A2A9B-3A3D-46A1-BDBB-689C9CDEB4D0}.Debug|Any CPU.Build.0 = Debug|Any CPU
		{DF3A2A9B-3A3D-46A1-BDBB-689C9CDEB4D0}.Release|Any CPU.ActiveCfg = Release|Any CPU
		{DF3A2A9B-3A3D-46A1-BDBB-689C9CDEB4D0}.Release|Any CPU.Build.0 = Release|Any CPU
		{B45B9CC0-7AA8-42DC-A9CA-312DB6DACE20}.Debug|Any CPU.ActiveCfg = Debug|Any CPU
		{B45B9CC0-7AA8-42DC-A9CA-312DB6DACE20}.Debug|Any CPU.Build.0 = Debug|Any CPU
		{B45B9CC0-7AA8-42DC-A9CA-312DB6DACE20}.Release|Any CPU.ActiveCfg = Release|Any CPU
		{B45B9CC0-7AA8-42DC-A9CA-312DB6DACE20}.Release|Any CPU.Build.0 = Release|Any CPU
		{8D0BC33F-C424-44AE-8850-E8CF1CB159C0}.Debug|Any CPU.ActiveCfg = Debug|Any CPU
		{8D0BC33F-C424-44AE-8850-E8CF1CB159C0}.Debug|Any CPU.Build.0 = Debug|Any CPU
		{8D0BC33F-C424-44AE-8850-E8CF1CB159C0}.Release|Any CPU.ActiveCfg = Release|Any CPU
		{8D0BC33F-C424-44AE-8850-E8CF1CB159C0}.Release|Any CPU.Build.0 = Release|Any CPU
	EndGlobalSection
	GlobalSection(SolutionProperties) = preSolution
		HideSolutionNode = FALSE
	EndGlobalSection
EndGlobal
