
Microsoft Visual Studio Solution File, Format Version 12.00
# Visual Studio 2013
VisualStudioVersion = 12.0.31101.0
MinimumVisualStudioVersion = 10.0.40219.1
Project("{FAE04EC0-301F-11D3-BF4B-00C04F79EFBC}") = "HelloSHARP", "ConsoleApplication1\HelloSHARP.csproj", "{102B5D8C-1723-4908-91F6-8DB43D703D57}"
EndProject
Project("{FAE04EC0-301F-11D3-BF4B-00C04F79EFBC}") = "PrintMyName", "ConsoleApplication2\PrintMyName.csproj", "{598DC75C-67F2-45B1-AC44-E0469AC29C76}"
EndProject
Project("{FAE04EC0-301F-11D3-BF4B-00C04F79EFBC}") = "PrintNumbers", "ConsoleApplication3\PrintNumbers.csproj", "{C1618346-9D51-4ED5-8B10-6684A4C85965}"
EndProject
Project("{FAE04EC0-301F-11D3-BF4B-00C04F79EFBC}") = "FirstAndLast", "ConsoleApplication4\FirstAndLast.csproj", "{36D63ED5-6DE1-4933-B25E-2659922292EE}"
EndProject
Project("{FAE04EC0-301F-11D3-BF4B-00C04F79EFBC}") = "SquareRoot", "ConsoleApplication5\SquareRoot.csproj", "{3C0F01E8-9834-45BE-B3A9-5E19AC1D590E}"
EndProject
Project("{FAE04EC0-301F-11D3-BF4B-00C04F79EFBC}") = "ShortSequence", "ShortSequence\ShortSequence.csproj", "{7AFC1DBB-048F-49AB-8A23-A0EA204F85D9}"
EndProject
Project("{FAE04EC0-301F-11D3-BF4B-00C04F79EFBC}") = "ReformatedCode", "ReformatedCode\ReformatedCode.csproj", "{FC24C2D8-7367-49AA-BE76-E67DBF76827F}"
EndProject
Project("{FAE04EC0-301F-11D3-BF4B-00C04F79EFBC}") = "DateAndTime", "DateAndTime\DateAndTime.csproj", "{74DE3A27-F630-4B46-90F8-E5FF0C713100}"
EndProject
Project("{FAE04EC0-301F-11D3-BF4B-00C04F79EFBC}") = "TenYearsFromNow", "TenYearsFromNow\TenYearsFromNow.csproj", "{AB5B9437-3FBB-41CE-84F0-90D0FF16E1BC}"
EndProject
Project("{FAE04EC0-301F-11D3-BF4B-00C04F79EFBC}") = "LongSequence", "LongSequence\LongSequence.csproj", "{79CDCD02-6FB2-4C7B-9946-22A9D94E5B69}"
EndProject
Global
	GlobalSection(SolutionConfigurationPlatforms) = preSolution
		Debug|Any CPU = Debug|Any CPU
		Release|Any CPU = Release|Any CPU
	EndGlobalSection
	GlobalSection(ProjectConfigurationPlatforms) = postSolution
		{102B5D8C-1723-4908-91F6-8DB43D703D57}.Debug|Any CPU.ActiveCfg = Debug|Any CPU
		{102B5D8C-1723-4908-91F6-8DB43D703D57}.Debug|Any CPU.Build.0 = Debug|Any CPU
		{102B5D8C-1723-4908-91F6-8DB43D703D57}.Release|Any CPU.ActiveCfg = Release|Any CPU
		{102B5D8C-1723-4908-91F6-8DB43D703D57}.Release|Any CPU.Build.0 = Release|Any CPU
		{598DC75C-67F2-45B1-AC44-E0469AC29C76}.Debug|Any CPU.ActiveCfg = Debug|Any CPU
		{598DC75C-67F2-45B1-AC44-E0469AC29C76}.Debug|Any CPU.Build.0 = Debug|Any CPU
		{598DC75C-67F2-45B1-AC44-E0469AC29C76}.Release|Any CPU.ActiveCfg = Release|Any CPU
		{598DC75C-67F2-45B1-AC44-E0469AC29C76}.Release|Any CPU.Build.0 = Release|Any CPU
		{C1618346-9D51-4ED5-8B10-6684A4C85965}.Debug|Any CPU.ActiveCfg = Debug|Any CPU
		{C1618346-9D51-4ED5-8B10-6684A4C85965}.Debug|Any CPU.Build.0 = Debug|Any CPU
		{C1618346-9D51-4ED5-8B10-6684A4C85965}.Release|Any CPU.ActiveCfg = Release|Any CPU
		{C1618346-9D51-4ED5-8B10-6684A4C85965}.Release|Any CPU.Build.0 = Release|Any CPU
		{36D63ED5-6DE1-4933-B25E-2659922292EE}.Debug|Any CPU.ActiveCfg = Debug|Any CPU
		{36D63ED5-6DE1-4933-B25E-2659922292EE}.Debug|Any CPU.Build.0 = Debug|Any CPU
		{36D63ED5-6DE1-4933-B25E-2659922292EE}.Release|Any CPU.ActiveCfg = Release|Any CPU
		{36D63ED5-6DE1-4933-B25E-2659922292EE}.Release|Any CPU.Build.0 = Release|Any CPU
		{3C0F01E8-9834-45BE-B3A9-5E19AC1D590E}.Debug|Any CPU.ActiveCfg = Debug|Any CPU
		{3C0F01E8-9834-45BE-B3A9-5E19AC1D590E}.Debug|Any CPU.Build.0 = Debug|Any CPU
		{3C0F01E8-9834-45BE-B3A9-5E19AC1D590E}.Release|Any CPU.ActiveCfg = Release|Any CPU
		{3C0F01E8-9834-45BE-B3A9-5E19AC1D590E}.Release|Any CPU.Build.0 = Release|Any CPU
		{7AFC1DBB-048F-49AB-8A23-A0EA204F85D9}.Debug|Any CPU.ActiveCfg = Debug|Any CPU
		{7AFC1DBB-048F-49AB-8A23-A0EA204F85D9}.Debug|Any CPU.Build.0 = Debug|Any CPU
		{7AFC1DBB-048F-49AB-8A23-A0EA204F85D9}.Release|Any CPU.ActiveCfg = Release|Any CPU
		{7AFC1DBB-048F-49AB-8A23-A0EA204F85D9}.Release|Any CPU.Build.0 = Release|Any CPU
		{FC24C2D8-7367-49AA-BE76-E67DBF76827F}.Debug|Any CPU.ActiveCfg = Debug|Any CPU
		{FC24C2D8-7367-49AA-BE76-E67DBF76827F}.Debug|Any CPU.Build.0 = Debug|Any CPU
		{FC24C2D8-7367-49AA-BE76-E67DBF76827F}.Release|Any CPU.ActiveCfg = Release|Any CPU
		{FC24C2D8-7367-49AA-BE76-E67DBF76827F}.Release|Any CPU.Build.0 = Release|Any CPU
		{74DE3A27-F630-4B46-90F8-E5FF0C713100}.Debug|Any CPU.ActiveCfg = Debug|Any CPU
		{74DE3A27-F630-4B46-90F8-E5FF0C713100}.Debug|Any CPU.Build.0 = Debug|Any CPU
		{74DE3A27-F630-4B46-90F8-E5FF0C713100}.Release|Any CPU.ActiveCfg = Release|Any CPU
		{74DE3A27-F630-4B46-90F8-E5FF0C713100}.Release|Any CPU.Build.0 = Release|Any CPU
		{AB5B9437-3FBB-41CE-84F0-90D0FF16E1BC}.Debug|Any CPU.ActiveCfg = Debug|Any CPU
		{AB5B9437-3FBB-41CE-84F0-90D0FF16E1BC}.Debug|Any CPU.Build.0 = Debug|Any CPU
		{AB5B9437-3FBB-41CE-84F0-90D0FF16E1BC}.Release|Any CPU.ActiveCfg = Release|Any CPU
		{AB5B9437-3FBB-41CE-84F0-90D0FF16E1BC}.Release|Any CPU.Build.0 = Release|Any CPU
		{79CDCD02-6FB2-4C7B-9946-22A9D94E5B69}.Debug|Any CPU.ActiveCfg = Debug|Any CPU
		{79CDCD02-6FB2-4C7B-9946-22A9D94E5B69}.Debug|Any CPU.Build.0 = Debug|Any CPU
		{79CDCD02-6FB2-4C7B-9946-22A9D94E5B69}.Release|Any CPU.ActiveCfg = Release|Any CPU
		{79CDCD02-6FB2-4C7B-9946-22A9D94E5B69}.Release|Any CPU.Build.0 = Release|Any CPU
	EndGlobalSection
	GlobalSection(SolutionProperties) = preSolution
		HideSolutionNode = FALSE
	EndGlobalSection
EndGlobal
