
Microsoft Visual Studio Solution File, Format Version 12.00
# Visual Studio 14
VisualStudioVersion = 14.0.24720.0
MinimumVisualStudioVersion = 10.0.40219.1
Project("{FAE04EC0-301F-11D3-BF4B-00C04F79EFBC}") = "Exercise_01_EventsInRange", "ConsoleApplication1\Exercise_01_EventsInRange.csproj", "{CF2E75C2-FECF-4DFA-BD95-BF3B926CA762}"
EndProject
Project("{FAE04EC0-301F-11D3-BF4B-00C04F79EFBC}") = "Exercise_02_TextEditor", "Exercise_02_TextEdito\Exercise_02_TextEditor.csproj", "{78CD9032-5E67-4DA3-A9DD-56221FFE4F08}"
EndProject
Project("{FAE04EC0-301F-11D3-BF4B-00C04F79EFBC}") = "01_ProductsInPriceRange", "01_ProductsInPriceRange\01_ProductsInPriceRange.csproj", "{7773635B-0E59-451F-9957-5CC2B091213B}"
EndProject
Project("{FAE04EC0-301F-11D3-BF4B-00C04F79EFBC}") = "02_StringEditor", "02_StringEditor\02_StringEditor.csproj", "{CED6104A-F4EA-4EE9-AD2F-BDD8136733DF}"
EndProject
Project("{FAE04EC0-301F-11D3-BF4B-00C04F79EFBC}") = "03_FastSearchForStringsInText", "03_FastSearchForStringsInText\03_FastSearchForStringsInText.csproj", "{D9B931B6-B1F4-458B-9373-6A11C64DD3D3}"
EndProject
Project("{FAE04EC0-301F-11D3-BF4B-00C04F79EFBC}") = "03_FastSearchForStringsInFile", "03_FastSearchForStringsInFile\03_FastSearchForStringsInFile.csproj", "{35D252C2-4D79-4168-8BE7-DB90BE879724}"
EndProject
Global
	GlobalSection(SolutionConfigurationPlatforms) = preSolution
		Debug|Any CPU = Debug|Any CPU
		Release|Any CPU = Release|Any CPU
	EndGlobalSection
	GlobalSection(ProjectConfigurationPlatforms) = postSolution
		{CF2E75C2-FECF-4DFA-BD95-BF3B926CA762}.Debug|Any CPU.ActiveCfg = Debug|Any CPU
		{CF2E75C2-FECF-4DFA-BD95-BF3B926CA762}.Debug|Any CPU.Build.0 = Debug|Any CPU
		{CF2E75C2-FECF-4DFA-BD95-BF3B926CA762}.Release|Any CPU.ActiveCfg = Release|Any CPU
		{CF2E75C2-FECF-4DFA-BD95-BF3B926CA762}.Release|Any CPU.Build.0 = Release|Any CPU
		{78CD9032-5E67-4DA3-A9DD-56221FFE4F08}.Debug|Any CPU.ActiveCfg = Debug|Any CPU
		{78CD9032-5E67-4DA3-A9DD-56221FFE4F08}.Debug|Any CPU.Build.0 = Debug|Any CPU
		{78CD9032-5E67-4DA3-A9DD-56221FFE4F08}.Release|Any CPU.ActiveCfg = Release|Any CPU
		{78CD9032-5E67-4DA3-A9DD-56221FFE4F08}.Release|Any CPU.Build.0 = Release|Any CPU
		{7773635B-0E59-451F-9957-5CC2B091213B}.Debug|Any CPU.ActiveCfg = Debug|Any CPU
		{7773635B-0E59-451F-9957-5CC2B091213B}.Debug|Any CPU.Build.0 = Debug|Any CPU
		{7773635B-0E59-451F-9957-5CC2B091213B}.Release|Any CPU.ActiveCfg = Release|Any CPU
		{7773635B-0E59-451F-9957-5CC2B091213B}.Release|Any CPU.Build.0 = Release|Any CPU
		{CED6104A-F4EA-4EE9-AD2F-BDD8136733DF}.Debug|Any CPU.ActiveCfg = Debug|Any CPU
		{CED6104A-F4EA-4EE9-AD2F-BDD8136733DF}.Debug|Any CPU.Build.0 = Debug|Any CPU
		{CED6104A-F4EA-4EE9-AD2F-BDD8136733DF}.Release|Any CPU.ActiveCfg = Release|Any CPU
		{CED6104A-F4EA-4EE9-AD2F-BDD8136733DF}.Release|Any CPU.Build.0 = Release|Any CPU
		{D9B931B6-B1F4-458B-9373-6A11C64DD3D3}.Debug|Any CPU.ActiveCfg = Debug|Any CPU
		{D9B931B6-B1F4-458B-9373-6A11C64DD3D3}.Debug|Any CPU.Build.0 = Debug|Any CPU
		{D9B931B6-B1F4-458B-9373-6A11C64DD3D3}.Release|Any CPU.ActiveCfg = Release|Any CPU
		{D9B931B6-B1F4-458B-9373-6A11C64DD3D3}.Release|Any CPU.Build.0 = Release|Any CPU
		{35D252C2-4D79-4168-8BE7-DB90BE879724}.Debug|Any CPU.ActiveCfg = Debug|Any CPU
		{35D252C2-4D79-4168-8BE7-DB90BE879724}.Debug|Any CPU.Build.0 = Debug|Any CPU
		{35D252C2-4D79-4168-8BE7-DB90BE879724}.Release|Any CPU.ActiveCfg = Release|Any CPU
		{35D252C2-4D79-4168-8BE7-DB90BE879724}.Release|Any CPU.Build.0 = Release|Any CPU
	EndGlobalSection
	GlobalSection(SolutionProperties) = preSolution
		HideSolutionNode = FALSE
	EndGlobalSection
EndGlobal
