
Microsoft Visual Studio Solution File, Format Version 12.00
# Visual Studio 14
VisualStudioVersion = 14.0.24720.0
MinimumVisualStudioVersion = 10.0.40219.1
Project("{FAE04EC0-301F-11D3-BF4B-00C04F79EFBC}") = "Models", "Models\Models.csproj", "{BD3625C4-7C42-4C0A-AF92-449E3E244A18}"
EndProject
Project("{FAE04EC0-301F-11D3-BF4B-00C04F79EFBC}") = "Data", "Data\Data.csproj", "{6388FB88-8156-47CC-AE73-1B7A88EFB937}"
EndProject
Project("{FAE04EC0-301F-11D3-BF4B-00C04F79EFBC}") = "ConsoleClient", "ConsoleClient\ConsoleClient.csproj", "{5A3AEECC-6439-4D8B-8048-8444E6CE1E4A}"
EndProject
Global
	GlobalSection(SolutionConfigurationPlatforms) = preSolution
		Debug|Any CPU = Debug|Any CPU
		Release|Any CPU = Release|Any CPU
	EndGlobalSection
	GlobalSection(ProjectConfigurationPlatforms) = postSolution
		{BD3625C4-7C42-4C0A-AF92-449E3E244A18}.Debug|Any CPU.ActiveCfg = Debug|Any CPU
		{BD3625C4-7C42-4C0A-AF92-449E3E244A18}.Debug|Any CPU.Build.0 = Debug|Any CPU
		{BD3625C4-7C42-4C0A-AF92-449E3E244A18}.Release|Any CPU.ActiveCfg = Release|Any CPU
		{BD3625C4-7C42-4C0A-AF92-449E3E244A18}.Release|Any CPU.Build.0 = Release|Any CPU
		{6388FB88-8156-47CC-AE73-1B7A88EFB937}.Debug|Any CPU.ActiveCfg = Debug|Any CPU
		{6388FB88-8156-47CC-AE73-1B7A88EFB937}.Debug|Any CPU.Build.0 = Debug|Any CPU
		{6388FB88-8156-47CC-AE73-1B7A88EFB937}.Release|Any CPU.ActiveCfg = Release|Any CPU
		{6388FB88-8156-47CC-AE73-1B7A88EFB937}.Release|Any CPU.Build.0 = Release|Any CPU
		{5A3AEECC-6439-4D8B-8048-8444E6CE1E4A}.Debug|Any CPU.ActiveCfg = Debug|Any CPU
		{5A3AEECC-6439-4D8B-8048-8444E6CE1E4A}.Debug|Any CPU.Build.0 = Debug|Any CPU
		{5A3AEECC-6439-4D8B-8048-8444E6CE1E4A}.Release|Any CPU.ActiveCfg = Release|Any CPU
		{5A3AEECC-6439-4D8B-8048-8444E6CE1E4A}.Release|Any CPU.Build.0 = Release|Any CPU
	EndGlobalSection
	GlobalSection(SolutionProperties) = preSolution
		HideSolutionNode = FALSE
	EndGlobalSection
EndGlobal
