
Microsoft Visual Studio Solution File, Format Version 12.00
# Visual Studio 14
VisualStudioVersion = 14.0.24720.0
MinimumVisualStudioVersion = 10.0.40219.1
Project("{FAE04EC0-301F-11D3-BF4B-00C04F79EFBC}") = "Products.Models", "Products.Models\Products.Models.csproj", "{CD8D5A1F-9673-43CA-911A-C77CE8ED100F}"
EndProject
Project("{FAE04EC0-301F-11D3-BF4B-00C04F79EFBC}") = "Products.Data", "Products.Data\Products.Data.csproj", "{7E72FA5F-43EB-4E1C-BAE3-4E0B6CB549EF}"
EndProject
Project("{FAE04EC0-301F-11D3-BF4B-00C04F79EFBC}") = "Products.Client", "Products.Client\Products.Client.csproj", "{02348938-85F7-4914-9A92-2AA97DE53496}"
EndProject
Project("{FAE04EC0-301F-11D3-BF4B-00C04F79EFBC}") = "Products.EditOrder", "Products.EditOrder\Products.EditOrder.csproj", "{482F8656-7CDB-4917-A0B9-E45F7F0DB102}"
EndProject
Global
	GlobalSection(SolutionConfigurationPlatforms) = preSolution
		Debug|Any CPU = Debug|Any CPU
		Release|Any CPU = Release|Any CPU
	EndGlobalSection
	GlobalSection(ProjectConfigurationPlatforms) = postSolution
		{CD8D5A1F-9673-43CA-911A-C77CE8ED100F}.Debug|Any CPU.ActiveCfg = Debug|Any CPU
		{CD8D5A1F-9673-43CA-911A-C77CE8ED100F}.Debug|Any CPU.Build.0 = Debug|Any CPU
		{CD8D5A1F-9673-43CA-911A-C77CE8ED100F}.Release|Any CPU.ActiveCfg = Release|Any CPU
		{CD8D5A1F-9673-43CA-911A-C77CE8ED100F}.Release|Any CPU.Build.0 = Release|Any CPU
		{7E72FA5F-43EB-4E1C-BAE3-4E0B6CB549EF}.Debug|Any CPU.ActiveCfg = Debug|Any CPU
		{7E72FA5F-43EB-4E1C-BAE3-4E0B6CB549EF}.Debug|Any CPU.Build.0 = Debug|Any CPU
		{7E72FA5F-43EB-4E1C-BAE3-4E0B6CB549EF}.Release|Any CPU.ActiveCfg = Release|Any CPU
		{7E72FA5F-43EB-4E1C-BAE3-4E0B6CB549EF}.Release|Any CPU.Build.0 = Release|Any CPU
		{02348938-85F7-4914-9A92-2AA97DE53496}.Debug|Any CPU.ActiveCfg = Debug|Any CPU
		{02348938-85F7-4914-9A92-2AA97DE53496}.Debug|Any CPU.Build.0 = Debug|Any CPU
		{02348938-85F7-4914-9A92-2AA97DE53496}.Release|Any CPU.ActiveCfg = Release|Any CPU
		{02348938-85F7-4914-9A92-2AA97DE53496}.Release|Any CPU.Build.0 = Release|Any CPU
		{482F8656-7CDB-4917-A0B9-E45F7F0DB102}.Debug|Any CPU.ActiveCfg = Debug|Any CPU
		{482F8656-7CDB-4917-A0B9-E45F7F0DB102}.Debug|Any CPU.Build.0 = Debug|Any CPU
		{482F8656-7CDB-4917-A0B9-E45F7F0DB102}.Release|Any CPU.ActiveCfg = Release|Any CPU
		{482F8656-7CDB-4917-A0B9-E45F7F0DB102}.Release|Any CPU.Build.0 = Release|Any CPU
	EndGlobalSection
	GlobalSection(SolutionProperties) = preSolution
		HideSolutionNode = FALSE
	EndGlobalSection
EndGlobal
