
Microsoft Visual Studio Solution File, Format Version 12.00
# Visual Studio 14
VisualStudioVersion = 14.0.24720.0
MinimumVisualStudioVersion = 10.0.40219.1
Project("{FAE04EC0-301F-11D3-BF4B-00C04F79EFBC}") = "PizzaMore.ConsoleClient", "PizzaMore.ConsoleClient\PizzaMore.ConsoleClient.csproj", "{8AC1AF77-7A22-4120-B0C2-A8CE6157A3D4}"
EndProject
Project("{FAE04EC0-301F-11D3-BF4B-00C04F79EFBC}") = "PizzaMore.Utility", "PizzaMore.Utility\PizzaMore.Utility.csproj", "{2691DEA6-7E80-4380-8FC7-F85F7EF93DF2}"
EndProject
Project("{FAE04EC0-301F-11D3-BF4B-00C04F79EFBC}") = "PizzaMore.Data", "PizzaMore.Data\PizzaMore.Data.csproj", "{F2135022-0DE1-4B90-AB4D-8DE677A3DA9B}"
EndProject
Project("{FAE04EC0-301F-11D3-BF4B-00C04F79EFBC}") = "PizzaMore.Models", "PizzaMore.Models\PizzaMore.Models.csproj", "{11C1F0DD-3742-4CD7-BECA-25CE026447CD}"
EndProject
Project("{FAE04EC0-301F-11D3-BF4B-00C04F79EFBC}") = "PizzaMore.SignUp", "PizzaMore.SignUp\PizzaMore.SignUp.csproj", "{C40A4C08-EE65-408A-8551-8C03C74D6ADE}"
EndProject
Project("{FAE04EC0-301F-11D3-BF4B-00C04F79EFBC}") = "PizzaMore.SignIn", "PizzaMore.SignIn\PizzaMore.SignIn.csproj", "{A365101A-98E2-4D06-910F-5B3DB443DD64}"
EndProject
Project("{FAE04EC0-301F-11D3-BF4B-00C04F79EFBC}") = "PizzaMore.Menu", "PizzaMore.Menu\PizzaMore.Menu.csproj", "{F574E68B-1D4E-4D07-B297-7FC7F06AFFB4}"
EndProject
Project("{FAE04EC0-301F-11D3-BF4B-00C04F79EFBC}") = "PizzaMore.AddPizza", "PizzaMore.AddPizza\PizzaMore.AddPizza.csproj", "{026F6159-9DCF-4D84-BEA6-DD47A8E83D19}"
EndProject
Project("{FAE04EC0-301F-11D3-BF4B-00C04F79EFBC}") = "PizzaMore.Suggestions", "PizzaMore.Suggestions\PizzaMore.Suggestions.csproj", "{8EBBDE50-00DF-4842-8EC4-91206409C33D}"
EndProject
Project("{FAE04EC0-301F-11D3-BF4B-00C04F79EFBC}") = "PizzaMore.Details", "PizzaMore.Details\PizzaMore.Details.csproj", "{54E039E3-707A-4E0A-92CE-15F3DCF84108}"
EndProject
Global
	GlobalSection(SolutionConfigurationPlatforms) = preSolution
		Debug|Any CPU = Debug|Any CPU
		Release|Any CPU = Release|Any CPU
	EndGlobalSection
	GlobalSection(ProjectConfigurationPlatforms) = postSolution
		{8AC1AF77-7A22-4120-B0C2-A8CE6157A3D4}.Debug|Any CPU.ActiveCfg = Debug|Any CPU
		{8AC1AF77-7A22-4120-B0C2-A8CE6157A3D4}.Debug|Any CPU.Build.0 = Debug|Any CPU
		{8AC1AF77-7A22-4120-B0C2-A8CE6157A3D4}.Release|Any CPU.ActiveCfg = Release|Any CPU
		{8AC1AF77-7A22-4120-B0C2-A8CE6157A3D4}.Release|Any CPU.Build.0 = Release|Any CPU
		{2691DEA6-7E80-4380-8FC7-F85F7EF93DF2}.Debug|Any CPU.ActiveCfg = Debug|Any CPU
		{2691DEA6-7E80-4380-8FC7-F85F7EF93DF2}.Debug|Any CPU.Build.0 = Debug|Any CPU
		{2691DEA6-7E80-4380-8FC7-F85F7EF93DF2}.Release|Any CPU.ActiveCfg = Release|Any CPU
		{2691DEA6-7E80-4380-8FC7-F85F7EF93DF2}.Release|Any CPU.Build.0 = Release|Any CPU
		{F2135022-0DE1-4B90-AB4D-8DE677A3DA9B}.Debug|Any CPU.ActiveCfg = Debug|Any CPU
		{F2135022-0DE1-4B90-AB4D-8DE677A3DA9B}.Debug|Any CPU.Build.0 = Debug|Any CPU
		{F2135022-0DE1-4B90-AB4D-8DE677A3DA9B}.Release|Any CPU.ActiveCfg = Release|Any CPU
		{F2135022-0DE1-4B90-AB4D-8DE677A3DA9B}.Release|Any CPU.Build.0 = Release|Any CPU
		{11C1F0DD-3742-4CD7-BECA-25CE026447CD}.Debug|Any CPU.ActiveCfg = Debug|Any CPU
		{11C1F0DD-3742-4CD7-BECA-25CE026447CD}.Debug|Any CPU.Build.0 = Debug|Any CPU
		{11C1F0DD-3742-4CD7-BECA-25CE026447CD}.Release|Any CPU.ActiveCfg = Release|Any CPU
		{11C1F0DD-3742-4CD7-BECA-25CE026447CD}.Release|Any CPU.Build.0 = Release|Any CPU
		{C40A4C08-EE65-408A-8551-8C03C74D6ADE}.Debug|Any CPU.ActiveCfg = Debug|Any CPU
		{C40A4C08-EE65-408A-8551-8C03C74D6ADE}.Debug|Any CPU.Build.0 = Debug|Any CPU
		{C40A4C08-EE65-408A-8551-8C03C74D6ADE}.Release|Any CPU.ActiveCfg = Release|Any CPU
		{C40A4C08-EE65-408A-8551-8C03C74D6ADE}.Release|Any CPU.Build.0 = Release|Any CPU
		{A365101A-98E2-4D06-910F-5B3DB443DD64}.Debug|Any CPU.ActiveCfg = Debug|Any CPU
		{A365101A-98E2-4D06-910F-5B3DB443DD64}.Debug|Any CPU.Build.0 = Debug|Any CPU
		{A365101A-98E2-4D06-910F-5B3DB443DD64}.Release|Any CPU.ActiveCfg = Release|Any CPU
		{A365101A-98E2-4D06-910F-5B3DB443DD64}.Release|Any CPU.Build.0 = Release|Any CPU
		{F574E68B-1D4E-4D07-B297-7FC7F06AFFB4}.Debug|Any CPU.ActiveCfg = Debug|Any CPU
		{F574E68B-1D4E-4D07-B297-7FC7F06AFFB4}.Debug|Any CPU.Build.0 = Debug|Any CPU
		{F574E68B-1D4E-4D07-B297-7FC7F06AFFB4}.Release|Any CPU.ActiveCfg = Release|Any CPU
		{F574E68B-1D4E-4D07-B297-7FC7F06AFFB4}.Release|Any CPU.Build.0 = Release|Any CPU
		{026F6159-9DCF-4D84-BEA6-DD47A8E83D19}.Debug|Any CPU.ActiveCfg = Debug|Any CPU
		{026F6159-9DCF-4D84-BEA6-DD47A8E83D19}.Debug|Any CPU.Build.0 = Debug|Any CPU
		{026F6159-9DCF-4D84-BEA6-DD47A8E83D19}.Release|Any CPU.ActiveCfg = Release|Any CPU
		{026F6159-9DCF-4D84-BEA6-DD47A8E83D19}.Release|Any CPU.Build.0 = Release|Any CPU
		{8EBBDE50-00DF-4842-8EC4-91206409C33D}.Debug|Any CPU.ActiveCfg = Debug|Any CPU
		{8EBBDE50-00DF-4842-8EC4-91206409C33D}.Debug|Any CPU.Build.0 = Debug|Any CPU
		{8EBBDE50-00DF-4842-8EC4-91206409C33D}.Release|Any CPU.ActiveCfg = Release|Any CPU
		{8EBBDE50-00DF-4842-8EC4-91206409C33D}.Release|Any CPU.Build.0 = Release|Any CPU
		{54E039E3-707A-4E0A-92CE-15F3DCF84108}.Debug|Any CPU.ActiveCfg = Debug|Any CPU
		{54E039E3-707A-4E0A-92CE-15F3DCF84108}.Debug|Any CPU.Build.0 = Debug|Any CPU
		{54E039E3-707A-4E0A-92CE-15F3DCF84108}.Release|Any CPU.ActiveCfg = Release|Any CPU
		{54E039E3-707A-4E0A-92CE-15F3DCF84108}.Release|Any CPU.Build.0 = Release|Any CPU
	EndGlobalSection
	GlobalSection(SolutionProperties) = preSolution
		HideSolutionNode = FALSE
	EndGlobalSection
EndGlobal
