
Microsoft Visual Studio Solution File, Format Version 12.00
# Visual Studio 14
VisualStudioVersion = 14.0.24720.0
MinimumVisualStudioVersion = 10.0.40219.1
Project("{FAE04EC0-301F-11D3-BF4B-00C04F79EFBC}") = "Phonebook.Models", "Phonebook.Models\Phonebook.Models.csproj", "{8BFC06AE-0A89-4441-BD6B-091A83950C44}"
EndProject
Project("{FAE04EC0-301F-11D3-BF4B-00C04F79EFBC}") = "Phonebook.Data", "Phonebook.Data\Phonebook.Data.csproj", "{DDF2CA38-AF16-403F-850F-2A24AE7FA651}"
EndProject
Project("{FAE04EC0-301F-11D3-BF4B-00C04F79EFBC}") = "Phonebook.Client", "Phonebook.Client\Phonebook.Client.csproj", "{4E0AFB21-41AE-436F-BF22-A49F81B9695A}"
EndProject
Global
	GlobalSection(SolutionConfigurationPlatforms) = preSolution
		Debug|Any CPU = Debug|Any CPU
		Release|Any CPU = Release|Any CPU
	EndGlobalSection
	GlobalSection(ProjectConfigurationPlatforms) = postSolution
		{8BFC06AE-0A89-4441-BD6B-091A83950C44}.Debug|Any CPU.ActiveCfg = Debug|Any CPU
		{8BFC06AE-0A89-4441-BD6B-091A83950C44}.Debug|Any CPU.Build.0 = Debug|Any CPU
		{8BFC06AE-0A89-4441-BD6B-091A83950C44}.Release|Any CPU.ActiveCfg = Release|Any CPU
		{8BFC06AE-0A89-4441-BD6B-091A83950C44}.Release|Any CPU.Build.0 = Release|Any CPU
		{DDF2CA38-AF16-403F-850F-2A24AE7FA651}.Debug|Any CPU.ActiveCfg = Debug|Any CPU
		{DDF2CA38-AF16-403F-850F-2A24AE7FA651}.Debug|Any CPU.Build.0 = Debug|Any CPU
		{DDF2CA38-AF16-403F-850F-2A24AE7FA651}.Release|Any CPU.ActiveCfg = Release|Any CPU
		{DDF2CA38-AF16-403F-850F-2A24AE7FA651}.Release|Any CPU.Build.0 = Release|Any CPU
		{4E0AFB21-41AE-436F-BF22-A49F81B9695A}.Debug|Any CPU.ActiveCfg = Debug|Any CPU
		{4E0AFB21-41AE-436F-BF22-A49F81B9695A}.Debug|Any CPU.Build.0 = Debug|Any CPU
		{4E0AFB21-41AE-436F-BF22-A49F81B9695A}.Release|Any CPU.ActiveCfg = Release|Any CPU
		{4E0AFB21-41AE-436F-BF22-A49F81B9695A}.Release|Any CPU.Build.0 = Release|Any CPU
	EndGlobalSection
	GlobalSection(SolutionProperties) = preSolution
		HideSolutionNode = FALSE
	EndGlobalSection
EndGlobal
